
Microsoft Visual Studio Solution File, Format Version 12.00
# Visual Studio Version 16
VisualStudioVersion = 16.0.30114.105
MinimumVisualStudioVersion = 10.0.40219.1
Project("{FAE04EC0-301F-11D3-BF4B-00C04F79EFBC}") = "GantChart", "GantChart\GantChart.csproj", "{C35CFFF3-5CE4-49AF-84E8-DEEA536A2F6F}"
EndProject
Global
	GlobalSection(SolutionConfigurationPlatforms) = preSolution
		Debug|Any CPU = Debug|Any CPU
		Release|Any CPU = Release|Any CPU
	EndGlobalSection
	GlobalSection(ProjectConfigurationPlatforms) = postSolution
		{C35CFFF3-5CE4-49AF-84E8-DEEA536A2F6F}.Debug|Any CPU.ActiveCfg = Debug|Any CPU
		{C35CFFF3-5CE4-49AF-84E8-DEEA536A2F6F}.Debug|Any CPU.Build.0 = Debug|Any CPU
		{C35CFFF3-5CE4-49AF-84E8-DEEA536A2F6F}.Release|Any CPU.ActiveCfg = Release|Any CPU
		{C35CFFF3-5CE4-49AF-84E8-DEEA536A2F6F}.Release|Any CPU.Build.0 = Release|Any CPU
	EndGlobalSection
	GlobalSection(SolutionProperties) = preSolution
		HideSolutionNode = FALSE
	EndGlobalSection
	GlobalSection(ExtensibilityGlobals) = postSolution
		SolutionGuid = {090CE971-522A-40DF-9A87-E558A4D83056}
	EndGlobalSection
EndGlobal
